
Microsoft Visual Studio Solution File, Format Version 12.00
# Visual Studio Version 17
VisualStudioVersion = 17.11.35327.3
MinimumVisualStudioVersion = 10.0.40219.1
Project("{9A19103F-16F7-4668-BE54-9A1E7A4F7556}") = "Final_Project", "Final_Project\Final_Project.csproj", "{1F1D346D-AE1B-4C14-889E-A52C6720B03D}"
	ProjectSection(ProjectDependencies) = postProject
		{B135827F-E62C-4F15-BB89-94394E4C85B1} = {B135827F-E62C-4F15-BB89-94394E4C85B1}
	EndProjectSection
EndProject
Project("{9A19103F-16F7-4668-BE54-9A1E7A4F7556}") = "Login", "Login\Login.csproj", "{35CF5AF4-D703-41CB-B83D-3EE9A3F739BE}"
EndProject
Project("{9A19103F-16F7-4668-BE54-9A1E7A4F7556}") = "Excel_Import", "Excel_Import\Excel_Import.csproj", "{7FD8402F-CEA6-4E1A-B40E-6950EEE90ACC}"
EndProject
Project("{2150E333-8FDC-42A3-9474-1A3956D46DE8}") = "Solution Items", "Solution Items", "{A6BA6D62-06EB-43F3-98FA-3ADE2531654D}"
	ProjectSection(SolutionItems) = preProject
		config.cs = config.cs
	EndProjectSection
EndProject
Project("{9A19103F-16F7-4668-BE54-9A1E7A4F7556}") = "datahold", "datahold\datahold.csproj", "{0420A161-6245-4FAA-B164-636DC1D062B5}"
EndProject
Project("{9A19103F-16F7-4668-BE54-9A1E7A4F7556}") = "UserControl", "UserControl\UserControl.csproj", "{B135827F-E62C-4F15-BB89-94394E4C85B1}"
EndProject
Project("{9A19103F-16F7-4668-BE54-9A1E7A4F7556}") = "Views", "Views\Views.csproj", "{50C2A090-98A2-4C1B-8411-68CDF9789E18}"
	ProjectSection(ProjectDependencies) = postProject
		{35CF5AF4-D703-41CB-B83D-3EE9A3F739BE} = {35CF5AF4-D703-41CB-B83D-3EE9A3F739BE}
	EndProjectSection
EndProject
Global
	GlobalSection(SolutionConfigurationPlatforms) = preSolution
		Debug|Any CPU = Debug|Any CPU
		Release|Any CPU = Release|Any CPU
	EndGlobalSection
	GlobalSection(ProjectConfigurationPlatforms) = postSolution
		{1F1D346D-AE1B-4C14-889E-A52C6720B03D}.Debug|Any CPU.ActiveCfg = Debug|Any CPU
		{1F1D346D-AE1B-4C14-889E-A52C6720B03D}.Debug|Any CPU.Build.0 = Debug|Any CPU
		{1F1D346D-AE1B-4C14-889E-A52C6720B03D}.Release|Any CPU.ActiveCfg = Release|Any CPU
		{1F1D346D-AE1B-4C14-889E-A52C6720B03D}.Release|Any CPU.Build.0 = Release|Any CPU
		{35CF5AF4-D703-41CB-B83D-3EE9A3F739BE}.Debug|Any CPU.ActiveCfg = Debug|Any CPU
		{35CF5AF4-D703-41CB-B83D-3EE9A3F739BE}.Debug|Any CPU.Build.0 = Debug|Any CPU
		{35CF5AF4-D703-41CB-B83D-3EE9A3F739BE}.Release|Any CPU.ActiveCfg = Release|Any CPU
		{35CF5AF4-D703-41CB-B83D-3EE9A3F739BE}.Release|Any CPU.Build.0 = Release|Any CPU
		{7FD8402F-CEA6-4E1A-B40E-6950EEE90ACC}.Debug|Any CPU.ActiveCfg = Debug|Any CPU
		{7FD8402F-CEA6-4E1A-B40E-6950EEE90ACC}.Debug|Any CPU.Build.0 = Debug|Any CPU
		{7FD8402F-CEA6-4E1A-B40E-6950EEE90ACC}.Release|Any CPU.ActiveCfg = Release|Any CPU
		{7FD8402F-CEA6-4E1A-B40E-6950EEE90ACC}.Release|Any CPU.Build.0 = Release|Any CPU
		{0420A161-6245-4FAA-B164-636DC1D062B5}.Debug|Any CPU.ActiveCfg = Debug|Any CPU
		{0420A161-6245-4FAA-B164-636DC1D062B5}.Debug|Any CPU.Build.0 = Debug|Any CPU
		{0420A161-6245-4FAA-B164-636DC1D062B5}.Release|Any CPU.ActiveCfg = Release|Any CPU
		{0420A161-6245-4FAA-B164-636DC1D062B5}.Release|Any CPU.Build.0 = Release|Any CPU
		{B135827F-E62C-4F15-BB89-94394E4C85B1}.Debug|Any CPU.ActiveCfg = Debug|Any CPU
		{B135827F-E62C-4F15-BB89-94394E4C85B1}.Debug|Any CPU.Build.0 = Debug|Any CPU
		{B135827F-E62C-4F15-BB89-94394E4C85B1}.Release|Any CPU.ActiveCfg = Release|Any CPU
		{B135827F-E62C-4F15-BB89-94394E4C85B1}.Release|Any CPU.Build.0 = Release|Any CPU
		{50C2A090-98A2-4C1B-8411-68CDF9789E18}.Debug|Any CPU.ActiveCfg = Debug|Any CPU
		{50C2A090-98A2-4C1B-8411-68CDF9789E18}.Debug|Any CPU.Build.0 = Debug|Any CPU
		{50C2A090-98A2-4C1B-8411-68CDF9789E18}.Release|Any CPU.ActiveCfg = Release|Any CPU
		{50C2A090-98A2-4C1B-8411-68CDF9789E18}.Release|Any CPU.Build.0 = Release|Any CPU
	EndGlobalSection
	GlobalSection(SolutionProperties) = preSolution
		HideSolutionNode = FALSE
	EndGlobalSection
	GlobalSection(ExtensibilityGlobals) = postSolution
		SolutionGuid = {DD1169FF-8E28-4D7B-93DC-7A77B62FB138}
	EndGlobalSection
EndGlobal
